
Microsoft Visual Studio Solution File, Format Version 12.00
# Visual Studio Version 17
VisualStudioVersion = 17.4.33213.308
MinimumVisualStudioVersion = 10.0.40219.1
Project("{FAE04EC0-301F-11D3-BF4B-00C04F79EFBC}") = "ElevenNoteWebApplication.Server", "ElevenNoteWebApplication\Server\ElevenNoteWebApplication.Server.csproj", "{956D6C30-5E45-4CA8-B5E8-A79EB1D69A2C}"
EndProject
Project("{FAE04EC0-301F-11D3-BF4B-00C04F79EFBC}") = "ElevenNoteWebApplication.Client", "ElevenNoteWebApplication\Client\ElevenNoteWebApplication.Client.csproj", "{B336074D-95B6-438C-AC30-0CD691FC253B}"
EndProject
Project("{FAE04EC0-301F-11D3-BF4B-00C04F79EFBC}") = "ElevenNoteWebApplication.Shared", "ElevenNoteWebApplication\Shared\ElevenNoteWebApplication.Shared.csproj", "{70AD5CD5-2D94-4283-A833-EFF2EC481D12}"
EndProject
Global
	GlobalSection(SolutionConfigurationPlatforms) = preSolution
		Debug|Any CPU = Debug|Any CPU
		Release|Any CPU = Release|Any CPU
	EndGlobalSection
	GlobalSection(ProjectConfigurationPlatforms) = postSolution
		{956D6C30-5E45-4CA8-B5E8-A79EB1D69A2C}.Debug|Any CPU.ActiveCfg = Debug|Any CPU
		{956D6C30-5E45-4CA8-B5E8-A79EB1D69A2C}.Debug|Any CPU.Build.0 = Debug|Any CPU
		{956D6C30-5E45-4CA8-B5E8-A79EB1D69A2C}.Release|Any CPU.ActiveCfg = Release|Any CPU
		{956D6C30-5E45-4CA8-B5E8-A79EB1D69A2C}.Release|Any CPU.Build.0 = Release|Any CPU
		{B336074D-95B6-438C-AC30-0CD691FC253B}.Debug|Any CPU.ActiveCfg = Debug|Any CPU
		{B336074D-95B6-438C-AC30-0CD691FC253B}.Debug|Any CPU.Build.0 = Debug|Any CPU
		{B336074D-95B6-438C-AC30-0CD691FC253B}.Release|Any CPU.ActiveCfg = Release|Any CPU
		{B336074D-95B6-438C-AC30-0CD691FC253B}.Release|Any CPU.Build.0 = Release|Any CPU
		{70AD5CD5-2D94-4283-A833-EFF2EC481D12}.Debug|Any CPU.ActiveCfg = Debug|Any CPU
		{70AD5CD5-2D94-4283-A833-EFF2EC481D12}.Debug|Any CPU.Build.0 = Debug|Any CPU
		{70AD5CD5-2D94-4283-A833-EFF2EC481D12}.Release|Any CPU.ActiveCfg = Release|Any CPU
		{70AD5CD5-2D94-4283-A833-EFF2EC481D12}.Release|Any CPU.Build.0 = Release|Any CPU
	EndGlobalSection
	GlobalSection(SolutionProperties) = preSolution
		HideSolutionNode = FALSE
	EndGlobalSection
	GlobalSection(ExtensibilityGlobals) = postSolution
		SolutionGuid = {74060E42-B2F3-4616-A940-B2046807F6B7}
	EndGlobalSection
EndGlobal
